
Microsoft Visual Studio Solution File, Format Version 12.00
# Visual Studio 15
VisualStudioVersion = 15.0.26430.4
MinimumVisualStudioVersion = 10.0.40219.1
Project("{FAE04EC0-301F-11D3-BF4B-00C04F79EFBC}") = "WinFormsApp1", "WinFormsApp1\WinFormsApp1.csproj", "{960C3EAD-EC29-426D-93F0-1A2475F17C86}"
EndProject
Project("{FAE04EC0-301F-11D3-BF4B-00C04F79EFBC}") = "WinFormsApp2", "WinFormsApp2\WinFormsApp2.csproj", "{2E3AF44D-2302-4C36-90D1-B91708CAF10B}"
EndProject
Project("{FAE04EC0-301F-11D3-BF4B-00C04F79EFBC}") = "WinFormsApp3", "WinFormsApp3\WinFormsApp3.csproj", "{77142358-54FC-462F-B4C3-7423FA045949}"
EndProject
Project("{FAE04EC0-301F-11D3-BF4B-00C04F79EFBC}") = "WinFormsApp4", "WinFormsApp4\WinFormsApp4.csproj", "{E70FFA4A-55FB-4F1B-A311-11AD311ED97E}"
EndProject
Global
	GlobalSection(SolutionConfigurationPlatforms) = preSolution
		Debug|Any CPU = Debug|Any CPU
		Release|Any CPU = Release|Any CPU
	EndGlobalSection
	GlobalSection(ProjectConfigurationPlatforms) = postSolution
		{960C3EAD-EC29-426D-93F0-1A2475F17C86}.Debug|Any CPU.ActiveCfg = Debug|Any CPU
		{960C3EAD-EC29-426D-93F0-1A2475F17C86}.Debug|Any CPU.Build.0 = Debug|Any CPU
		{960C3EAD-EC29-426D-93F0-1A2475F17C86}.Release|Any CPU.ActiveCfg = Release|Any CPU
		{960C3EAD-EC29-426D-93F0-1A2475F17C86}.Release|Any CPU.Build.0 = Release|Any CPU
		{2E3AF44D-2302-4C36-90D1-B91708CAF10B}.Debug|Any CPU.ActiveCfg = Debug|Any CPU
		{2E3AF44D-2302-4C36-90D1-B91708CAF10B}.Debug|Any CPU.Build.0 = Debug|Any CPU
		{2E3AF44D-2302-4C36-90D1-B91708CAF10B}.Release|Any CPU.ActiveCfg = Release|Any CPU
		{2E3AF44D-2302-4C36-90D1-B91708CAF10B}.Release|Any CPU.Build.0 = Release|Any CPU
		{77142358-54FC-462F-B4C3-7423FA045949}.Debug|Any CPU.ActiveCfg = Debug|Any CPU
		{77142358-54FC-462F-B4C3-7423FA045949}.Debug|Any CPU.Build.0 = Debug|Any CPU
		{77142358-54FC-462F-B4C3-7423FA045949}.Release|Any CPU.ActiveCfg = Release|Any CPU
		{77142358-54FC-462F-B4C3-7423FA045949}.Release|Any CPU.Build.0 = Release|Any CPU
		{E70FFA4A-55FB-4F1B-A311-11AD311ED97E}.Debug|Any CPU.ActiveCfg = Debug|Any CPU
		{E70FFA4A-55FB-4F1B-A311-11AD311ED97E}.Debug|Any CPU.Build.0 = Debug|Any CPU
		{E70FFA4A-55FB-4F1B-A311-11AD311ED97E}.Release|Any CPU.ActiveCfg = Release|Any CPU
		{E70FFA4A-55FB-4F1B-A311-11AD311ED97E}.Release|Any CPU.Build.0 = Release|Any CPU
	EndGlobalSection
	GlobalSection(SolutionProperties) = preSolution
		HideSolutionNode = FALSE
	EndGlobalSection
EndGlobal
